
Microsoft Visual Studio Solution File, Format Version 12.00
# Visual Studio Version 17
VisualStudioVersion = 17.9.34728.123
MinimumVisualStudioVersion = 10.0.40219.1
Project("{FAE04EC0-301F-11D3-BF4B-00C04F79EFBC}") = "Ej2", "Ej2\Ej2.csproj", "{5A440D70-9067-4814-8576-1561CA96BEF5}"
EndProject
Global
	GlobalSection(SolutionConfigurationPlatforms) = preSolution
		Debug|Any CPU = Debug|Any CPU
		Release|Any CPU = Release|Any CPU
	EndGlobalSection
	GlobalSection(ProjectConfigurationPlatforms) = postSolution
		{5A440D70-9067-4814-8576-1561CA96BEF5}.Debug|Any CPU.ActiveCfg = Debug|Any CPU
		{5A440D70-9067-4814-8576-1561CA96BEF5}.Debug|Any CPU.Build.0 = Debug|Any CPU
		{5A440D70-9067-4814-8576-1561CA96BEF5}.Release|Any CPU.ActiveCfg = Release|Any CPU
		{5A440D70-9067-4814-8576-1561CA96BEF5}.Release|Any CPU.Build.0 = Release|Any CPU
	EndGlobalSection
	GlobalSection(SolutionProperties) = preSolution
		HideSolutionNode = FALSE
	EndGlobalSection
	GlobalSection(ExtensibilityGlobals) = postSolution
		SolutionGuid = {742A7875-722B-4382-BDE5-524752CDE92B}
	EndGlobalSection
EndGlobal
